Microsoft Visual Studio Solution File, Format Version 12.00
# Visual Studio Version 17
VisualStudioVersion = 17.5.2.0
MinimumVisualStudioVersion = 10.0.40219.1
Project("{FAE04EC0-301F-11D3-BF4B-00C04F79EFBC}") = "MovToMp4Converter", "MovToMp4Converter.csproj", "{B7915498-51B6-5115-9D12-72B8298B0239}"
EndProject
Global
	GlobalSection(SolutionConfigurationPlatforms) = preSolution
		Debug|Any CPU = Debug|Any CPU
		Release|Any CPU = Release|Any CPU
	EndGlobalSection
	GlobalSection(ProjectConfigurationPlatforms) = postSolution
		{B7915498-51B6-5115-9D12-72B8298B0239}.Debug|Any CPU.ActiveCfg = Debug|Any CPU
		{B7915498-51B6-5115-9D12-72B8298B0239}.Debug|Any CPU.Build.0 = Debug|Any CPU
		{B7915498-51B6-5115-9D12-72B8298B0239}.Release|Any CPU.ActiveCfg = Release|Any CPU
		{B7915498-51B6-5115-9D12-72B8298B0239}.Release|Any CPU.Build.0 = Release|Any CPU
	EndGlobalSection
	GlobalSection(SolutionProperties) = preSolution
		HideSolutionNode = FALSE
	EndGlobalSection
	GlobalSection(ExtensibilityGlobals) = postSolution
		SolutionGuid = {8C479C88-B76B-4158-8895-7C42EFBF0A0E}
	EndGlobalSection
EndGlobal
